{
  "nodes": {
    "nixpkgs": {
      "locked": {
        "owner": "NixOS",
        "repo": "nixpkgs",
        "rev": "dede83c7b078ec2bed3fcdd8e04fca448e7ebf26",
        "type": "github"
      },
      "original": {
        "owner": "NixOS",
        "ref": "nixos-unstable",
        "repo": "nixpkgs",
        "type": "github"
      }
    },
    "root": {
      "inputs": {
        "nixpkgs": "nixpkgs"
      }
    }
  },
  "root": "root",
  "version": 7
}
